
Microsoft Visual Studio Solution File, Format Version 12.00
# Visual Studio Version 17
VisualStudioVersion = 17.5.33516.290
MinimumVisualStudioVersion = 10.0.40219.1
Project("{8BC9CEB8-8B4A-11D0-8D11-00A0C91BC942}") = "libcurl", "..\mupdf-1.22.1-source.tar\mupdf-1.22.1-source\mupdf-1.22.1-source\platform\win32\libcurl.vcxproj", "{87EE9DA4-DE1E-4448-8324-183C98DCA588}"
EndProject
Project("{8BC9CEB8-8B4A-11D0-8D11-00A0C91BC942}") = "mupdf", "..\mupdf-1.22.1-source.tar\mupdf-1.22.1-source\mupdf-1.22.1-source\platform\win32\mupdf.vcxproj", "{E74F29F0-FA43-4ADC-B92C-6AFA08E4A417}"
EndProject
Project("{8BC9CEB8-8B4A-11D0-8D11-00A0C91BC942}") = "QtConsoleApp1", "..\QtConsoleApp1\QtConsoleApp1.vcxproj", "{36341C64-7FF6-451C-977B-40E9B51C558D}"
EndProject
Global
	GlobalSection(SolutionConfigurationPlatforms) = preSolution
		Debug|x64 = Debug|x64
		Debug|x86 = Debug|x86
		DebugOpenSSL|x64 = DebugOpenSSL|x64
		DebugOpenSSL|x86 = DebugOpenSSL|x86
		Memento|x64 = Memento|x64
		Memento|x86 = Memento|x86
		MementoOpenSSL|x64 = MementoOpenSSL|x64
		MementoOpenSSL|x86 = MementoOpenSSL|x86
		Release|x64 = Release|x64
		Release|x86 = Release|x86
		ReleaseOpenSSL|x64 = ReleaseOpenSSL|x64
		ReleaseOpenSSL|x86 = ReleaseOpenSSL|x86
	EndGlobalSection
	GlobalSection(ProjectConfigurationPlatforms) = postSolution
		{87EE9DA4-DE1E-4448-8324-183C98DCA588}.Debug|x64.ActiveCfg = Debug|Win32
		{87EE9DA4-DE1E-4448-8324-183C98DCA588}.Debug|x64.Build.0 = Debug|Win32
		{87EE9DA4-DE1E-4448-8324-183C98DCA588}.Debug|x86.ActiveCfg = Debug|Win32
		{87EE9DA4-DE1E-4448-8324-183C98DCA588}.Debug|x86.Build.0 = Debug|Win32
		{87EE9DA4-DE1E-4448-8324-183C98DCA588}.DebugOpenSSL|x64.ActiveCfg = Debug|Win32
		{87EE9DA4-DE1E-4448-8324-183C98DCA588}.DebugOpenSSL|x64.Build.0 = Debug|Win32
		{87EE9DA4-DE1E-4448-8324-183C98DCA588}.DebugOpenSSL|x86.ActiveCfg = Debug|Win32
		{87EE9DA4-DE1E-4448-8324-183C98DCA588}.DebugOpenSSL|x86.Build.0 = Debug|Win32
		{87EE9DA4-DE1E-4448-8324-183C98DCA588}.Memento|x64.ActiveCfg = Memento|Win32
		{87EE9DA4-DE1E-4448-8324-183C98DCA588}.Memento|x64.Build.0 = Memento|Win32
		{87EE9DA4-DE1E-4448-8324-183C98DCA588}.Memento|x86.ActiveCfg = Memento|Win32
		{87EE9DA4-DE1E-4448-8324-183C98DCA588}.Memento|x86.Build.0 = Memento|Win32
		{87EE9DA4-DE1E-4448-8324-183C98DCA588}.MementoOpenSSL|x64.ActiveCfg = Memento|Win32
		{87EE9DA4-DE1E-4448-8324-183C98DCA588}.MementoOpenSSL|x64.Build.0 = Memento|Win32
		{87EE9DA4-DE1E-4448-8324-183C98DCA588}.MementoOpenSSL|x86.ActiveCfg = Memento|Win32
		{87EE9DA4-DE1E-4448-8324-183C98DCA588}.MementoOpenSSL|x86.Build.0 = Memento|Win32
		{87EE9DA4-DE1E-4448-8324-183C98DCA588}.Release|x64.ActiveCfg = Release|Win32
		{87EE9DA4-DE1E-4448-8324-183C98DCA588}.Release|x64.Build.0 = Release|Win32
		{87EE9DA4-DE1E-4448-8324-183C98DCA588}.Release|x86.ActiveCfg = Release|Win32
		{87EE9DA4-DE1E-4448-8324-183C98DCA588}.Release|x86.Build.0 = Release|Win32
		{87EE9DA4-DE1E-4448-8324-183C98DCA588}.ReleaseOpenSSL|x64.ActiveCfg = Release|Win32
		{87EE9DA4-DE1E-4448-8324-183C98DCA588}.ReleaseOpenSSL|x64.Build.0 = Release|Win32
		{87EE9DA4-DE1E-4448-8324-183C98DCA588}.ReleaseOpenSSL|x86.ActiveCfg = Release|Win32
		{87EE9DA4-DE1E-4448-8324-183C98DCA588}.ReleaseOpenSSL|x86.Build.0 = Release|Win32
		{E74F29F0-FA43-4ADC-B92C-6AFA08E4A417}.Debug|x64.ActiveCfg = Debug|x64
		{E74F29F0-FA43-4ADC-B92C-6AFA08E4A417}.Debug|x64.Build.0 = Debug|x64
		{E74F29F0-FA43-4ADC-B92C-6AFA08E4A417}.Debug|x86.ActiveCfg = Debug|Win32
		{E74F29F0-FA43-4ADC-B92C-6AFA08E4A417}.Debug|x86.Build.0 = Debug|Win32
		{E74F29F0-FA43-4ADC-B92C-6AFA08E4A417}.DebugOpenSSL|x64.ActiveCfg = DebugOpenssl|x64
		{E74F29F0-FA43-4ADC-B92C-6AFA08E4A417}.DebugOpenSSL|x64.Build.0 = DebugOpenssl|x64
		{E74F29F0-FA43-4ADC-B92C-6AFA08E4A417}.DebugOpenSSL|x86.ActiveCfg = DebugOpenSSL|Win32
		{E74F29F0-FA43-4ADC-B92C-6AFA08E4A417}.DebugOpenSSL|x86.Build.0 = DebugOpenSSL|Win32
		{E74F29F0-FA43-4ADC-B92C-6AFA08E4A417}.Memento|x64.ActiveCfg = Memento|x64
		{E74F29F0-FA43-4ADC-B92C-6AFA08E4A417}.Memento|x64.Build.0 = Memento|x64
		{E74F29F0-FA43-4ADC-B92C-6AFA08E4A417}.Memento|x86.ActiveCfg = Memento|Win32
		{E74F29F0-FA43-4ADC-B92C-6AFA08E4A417}.Memento|x86.Build.0 = Memento|Win32
		{E74F29F0-FA43-4ADC-B92C-6AFA08E4A417}.MementoOpenSSL|x64.ActiveCfg = MementoOpenSSL|x64
		{E74F29F0-FA43-4ADC-B92C-6AFA08E4A417}.MementoOpenSSL|x64.Build.0 = MementoOpenSSL|x64
		{E74F29F0-FA43-4ADC-B92C-6AFA08E4A417}.MementoOpenSSL|x86.ActiveCfg = MementoOpenSSL|Win32
		{E74F29F0-FA43-4ADC-B92C-6AFA08E4A417}.MementoOpenSSL|x86.Build.0 = MementoOpenSSL|Win32
		{E74F29F0-FA43-4ADC-B92C-6AFA08E4A417}.Release|x64.ActiveCfg = Release|x64
		{E74F29F0-FA43-4ADC-B92C-6AFA08E4A417}.Release|x64.Build.0 = Release|x64
		{E74F29F0-FA43-4ADC-B92C-6AFA08E4A417}.Release|x86.ActiveCfg = Release|Win32
		{E74F29F0-FA43-4ADC-B92C-6AFA08E4A417}.Release|x86.Build.0 = Release|Win32
		{E74F29F0-FA43-4ADC-B92C-6AFA08E4A417}.ReleaseOpenSSL|x64.ActiveCfg = ReleaseOpenSSL|x64
		{E74F29F0-FA43-4ADC-B92C-6AFA08E4A417}.ReleaseOpenSSL|x64.Build.0 = ReleaseOpenSSL|x64
		{E74F29F0-FA43-4ADC-B92C-6AFA08E4A417}.ReleaseOpenSSL|x86.ActiveCfg = ReleaseOpenSSL|Win32
		{E74F29F0-FA43-4ADC-B92C-6AFA08E4A417}.ReleaseOpenSSL|x86.Build.0 = ReleaseOpenSSL|Win32
		{36341C64-7FF6-451C-977B-40E9B51C558D}.Debug|x64.ActiveCfg = Debug|x64
		{36341C64-7FF6-451C-977B-40E9B51C558D}.Debug|x64.Build.0 = Debug|x64
		{36341C64-7FF6-451C-977B-40E9B51C558D}.Debug|x86.ActiveCfg = Debug|x64
		{36341C64-7FF6-451C-977B-40E9B51C558D}.Debug|x86.Build.0 = Debug|x64
		{36341C64-7FF6-451C-977B-40E9B51C558D}.DebugOpenSSL|x64.ActiveCfg = Debug|x64
		{36341C64-7FF6-451C-977B-40E9B51C558D}.DebugOpenSSL|x64.Build.0 = Debug|x64
		{36341C64-7FF6-451C-977B-40E9B51C558D}.DebugOpenSSL|x86.ActiveCfg = Debug|x64
		{36341C64-7FF6-451C-977B-40E9B51C558D}.DebugOpenSSL|x86.Build.0 = Debug|x64
		{36341C64-7FF6-451C-977B-40E9B51C558D}.Memento|x64.ActiveCfg = Debug|x64
		{36341C64-7FF6-451C-977B-40E9B51C558D}.Memento|x64.Build.0 = Debug|x64
		{36341C64-7FF6-451C-977B-40E9B51C558D}.Memento|x86.ActiveCfg = Debug|x64
		{36341C64-7FF6-451C-977B-40E9B51C558D}.Memento|x86.Build.0 = Debug|x64
		{36341C64-7FF6-451C-977B-40E9B51C558D}.MementoOpenSSL|x64.ActiveCfg = Debug|x64
		{36341C64-7FF6-451C-977B-40E9B51C558D}.MementoOpenSSL|x64.Build.0 = Debug|x64
		{36341C64-7FF6-451C-977B-40E9B51C558D}.MementoOpenSSL|x86.ActiveCfg = Debug|x64
		{36341C64-7FF6-451C-977B-40E9B51C558D}.MementoOpenSSL|x86.Build.0 = Debug|x64
		{36341C64-7FF6-451C-977B-40E9B51C558D}.Release|x64.ActiveCfg = Release|x64
		{36341C64-7FF6-451C-977B-40E9B51C558D}.Release|x64.Build.0 = Release|x64
		{36341C64-7FF6-451C-977B-40E9B51C558D}.Release|x86.ActiveCfg = Release|x64
		{36341C64-7FF6-451C-977B-40E9B51C558D}.Release|x86.Build.0 = Release|x64
		{36341C64-7FF6-451C-977B-40E9B51C558D}.ReleaseOpenSSL|x64.ActiveCfg = Release|x64
		{36341C64-7FF6-451C-977B-40E9B51C558D}.ReleaseOpenSSL|x64.Build.0 = Release|x64
		{36341C64-7FF6-451C-977B-40E9B51C558D}.ReleaseOpenSSL|x86.ActiveCfg = Release|x64
		{36341C64-7FF6-451C-977B-40E9B51C558D}.ReleaseOpenSSL|x86.Build.0 = Release|x64
	EndGlobalSection
	GlobalSection(SolutionProperties) = preSolution
		HideSolutionNode = FALSE
	EndGlobalSection
	GlobalSection(ExtensibilityGlobals) = postSolution
		SolutionGuid = {6BB69A46-1F34-4E58-8640-46A154857984}
	EndGlobalSection
EndGlobal
